
Microsoft Visual Studio Solution File, Format Version 12.00
# Visual Studio Version 16
VisualStudioVersion = 16.0.29926.136
MinimumVisualStudioVersion = 10.0.40219.1
Project("{9A19103F-16F7-4668-BE54-9A1E7A4F7556}") = "Laba4", "Laba4.csproj", "{D63DD122-99E9-47E9-9DE4-9CA97E6F87C0}"
EndProject
Global
	GlobalSection(SolutionConfigurationPlatforms) = preSolution
		Debug|Any CPU = Debug|Any CPU
		Release|Any CPU = Release|Any CPU
	EndGlobalSection
	GlobalSection(ProjectConfigurationPlatforms) = postSolution
		{D63DD122-99E9-47E9-9DE4-9CA97E6F87C0}.Debug|Any CPU.ActiveCfg = Debug|Any CPU
		{D63DD122-99E9-47E9-9DE4-9CA97E6F87C0}.Debug|Any CPU.Build.0 = Debug|Any CPU
		{D63DD122-99E9-47E9-9DE4-9CA97E6F87C0}.Release|Any CPU.ActiveCfg = Release|Any CPU
		{D63DD122-99E9-47E9-9DE4-9CA97E6F87C0}.Release|Any CPU.Build.0 = Release|Any CPU
	EndGlobalSection
	GlobalSection(SolutionProperties) = preSolution
		HideSolutionNode = FALSE
	EndGlobalSection
	GlobalSection(ExtensibilityGlobals) = postSolution
		SolutionGuid = {0752AD14-92AC-4F58-8952-E7D2310C267C}
	EndGlobalSection
EndGlobal
